{
  "requires": true,
  "lockfileVersion": 1,
  "dependencies": {
    "youtube-video-js": {
      "version": "4.0.1",
      "resolved": "https://registry.npmjs.org/youtube-video-js/-/youtube-video-js-4.0.1.tgz",
      "integrity": "sha512-CMjALRGgfKFZPE52s/+LJDQ/qxGYX7fijJTQ4blvdkKTTxKzcl3jNJ7nHSoEwT/TXHPXocJ2XErwAfX02Yr4rw=="
    }
  }
}
